
Microsoft Visual Studio Solution File, Format Version 12.00
# Visual Studio 15
VisualStudioVersion = 15.0.26124.0
MinimumVisualStudioVersion = 15.0.26124.0
Project("{2150E333-8FDC-42A3-9474-1A3956D46DE8}") = "src", "src", "{0A50551C-CA84-45C6-8641-5954528BC320}"
EndProject
Project("{FAE04EC0-301F-11D3-BF4B-00C04F79EFBC}") = "GradeBook", "src\GradeBook\GradeBook.csproj", "{E63AF358-3369-4864-B5E2-53FE62DF6F4C}"
EndProject
Project("{2150E333-8FDC-42A3-9474-1A3956D46DE8}") = "test", "test", "{CB9ED8BD-1A84-4764-B82E-350DEC26FD01}"
EndProject
Project("{FAE04EC0-301F-11D3-BF4B-00C04F79EFBC}") = "GradeBook.Tests", "test\GradeBook.Tests\GradeBook.Tests.csproj", "{79EB5C37-C643-484E-94D8-858948C22FEF}"
EndProject
Global
	GlobalSection(SolutionConfigurationPlatforms) = preSolution
		Debug|Any CPU = Debug|Any CPU
		Debug|x64 = Debug|x64
		Debug|x86 = Debug|x86
		Release|Any CPU = Release|Any CPU
		Release|x64 = Release|x64
		Release|x86 = Release|x86
	EndGlobalSection
	GlobalSection(SolutionProperties) = preSolution
		HideSolutionNode = FALSE
	EndGlobalSection
	GlobalSection(ProjectConfigurationPlatforms) = postSolution
		{E63AF358-3369-4864-B5E2-53FE62DF6F4C}.Debug|Any CPU.ActiveCfg = Debug|Any CPU
		{E63AF358-3369-4864-B5E2-53FE62DF6F4C}.Debug|Any CPU.Build.0 = Debug|Any CPU
		{E63AF358-3369-4864-B5E2-53FE62DF6F4C}.Debug|x64.ActiveCfg = Debug|Any CPU
		{E63AF358-3369-4864-B5E2-53FE62DF6F4C}.Debug|x64.Build.0 = Debug|Any CPU
		{E63AF358-3369-4864-B5E2-53FE62DF6F4C}.Debug|x86.ActiveCfg = Debug|Any CPU
		{E63AF358-3369-4864-B5E2-53FE62DF6F4C}.Debug|x86.Build.0 = Debug|Any CPU
		{E63AF358-3369-4864-B5E2-53FE62DF6F4C}.Release|Any CPU.ActiveCfg = Release|Any CPU
		{E63AF358-3369-4864-B5E2-53FE62DF6F4C}.Release|Any CPU.Build.0 = Release|Any CPU
		{E63AF358-3369-4864-B5E2-53FE62DF6F4C}.Release|x64.ActiveCfg = Release|Any CPU
		{E63AF358-3369-4864-B5E2-53FE62DF6F4C}.Release|x64.Build.0 = Release|Any CPU
		{E63AF358-3369-4864-B5E2-53FE62DF6F4C}.Release|x86.ActiveCfg = Release|Any CPU
		{E63AF358-3369-4864-B5E2-53FE62DF6F4C}.Release|x86.Build.0 = Release|Any CPU
		{79EB5C37-C643-484E-94D8-858948C22FEF}.Debug|Any CPU.ActiveCfg = Debug|Any CPU
		{79EB5C37-C643-484E-94D8-858948C22FEF}.Debug|Any CPU.Build.0 = Debug|Any CPU
		{79EB5C37-C643-484E-94D8-858948C22FEF}.Debug|x64.ActiveCfg = Debug|Any CPU
		{79EB5C37-C643-484E-94D8-858948C22FEF}.Debug|x64.Build.0 = Debug|Any CPU
		{79EB5C37-C643-484E-94D8-858948C22FEF}.Debug|x86.ActiveCfg = Debug|Any CPU
		{79EB5C37-C643-484E-94D8-858948C22FEF}.Debug|x86.Build.0 = Debug|Any CPU
		{79EB5C37-C643-484E-94D8-858948C22FEF}.Release|Any CPU.ActiveCfg = Release|Any CPU
		{79EB5C37-C643-484E-94D8-858948C22FEF}.Release|Any CPU.Build.0 = Release|Any CPU
		{79EB5C37-C643-484E-94D8-858948C22FEF}.Release|x64.ActiveCfg = Release|Any CPU
		{79EB5C37-C643-484E-94D8-858948C22FEF}.Release|x64.Build.0 = Release|Any CPU
		{79EB5C37-C643-484E-94D8-858948C22FEF}.Release|x86.ActiveCfg = Release|Any CPU
		{79EB5C37-C643-484E-94D8-858948C22FEF}.Release|x86.Build.0 = Release|Any CPU
	EndGlobalSection
	GlobalSection(NestedProjects) = preSolution
		{E63AF358-3369-4864-B5E2-53FE62DF6F4C} = {0A50551C-CA84-45C6-8641-5954528BC320}
		{79EB5C37-C643-484E-94D8-858948C22FEF} = {CB9ED8BD-1A84-4764-B82E-350DEC26FD01}
	EndGlobalSection
EndGlobal
